{
  "name": "tmb.js",
  "version": "0.3.0-SNAPSHOT",
  "dependencies": {
    "axios": {
      "version": "0.15.3",
      "from": "axios@0.15.3",
      "resolved": "https://registry.npmjs.org/axios/-/axios-0.15.3.tgz"
    },
    "debug": {
      "version": "2.6.0",
      "from": "debug@>=2.2.0 <3.0.0",
      "resolved": "https://registry.npmjs.org/debug/-/debug-2.6.0.tgz"
    },
    "es6-promise": {
      "version": "4.0.5",
      "from": "es6-promise@4.0.5",
      "resolved": "https://registry.npmjs.org/es6-promise/-/es6-promise-4.0.5.tgz"
    },
    "follow-redirects": {
      "version": "1.0.0",
      "from": "follow-redirects@1.0.0",
      "resolved": "https://registry.npmjs.org/follow-redirects/-/follow-redirects-1.0.0.tgz"
    },
    "ms": {
      "version": "0.7.2",
      "from": "ms@0.7.2",
      "resolved": "https://registry.npmjs.org/ms/-/ms-0.7.2.tgz"
    }
  }
}
